// !$*UTF8*$!
{
	archiveVersion = 1;
	classes = {
	};
	objectVersion = 42;
	objects = {

/* Begin PBXFileReference section */
		3AB159B90CFC4493006E0B90 /* aclocal.m4 */ = {isa = PBXFileReference; fileEncoding = 4; lastKnownFileType = text; path = aclocal.m4; sourceTree = "<group>"; };
		3AB159BB0CFC4493006E0B90 /* output.0t */ = {isa = PBXFileReference; fileEncoding = 4; lastKnownFileType = text; path = output.0t; sourceTree = "<group>"; };
		3AB159BC0CFC4493006E0B90 /* requests */ = {isa = PBXFileReference; fileEncoding = 4; lastKnownFileType = text; path = requests; sourceTree = "<group>"; };
		3AB159BD0CFC4493006E0B90 /* traces.0t */ = {isa = PBXFileReference; fileEncoding = 4; lastKnownFileType = text; path = traces.0t; sourceTree = "<group>"; };
		3AB159BE0CFC4493006E0B90 /* config.h.in */ = {isa = PBXFileReference; fileEncoding = 4; lastKnownFileType = text; path = config.h.in; sourceTree = "<group>"; };
		3AB159BF0CFC4493006E0B90 /* configure */ = {isa = PBXFileReference; fileEncoding = 4; lastKnownFileType = text.script.sh; path = configure; sourceTree = "<group>"; };
		3AB159C00CFC4493006E0B90 /* configure.ac */ = {isa = PBXFileReference; fileEncoding = 4; lastKnownFileType = text; path = configure.ac; sourceTree = "<group>"; };
		3AB159C10CFC4493006E0B90 /* d198.tsp */ = {isa = PBXFileReference; fileEncoding = 4; lastKnownFileType = text; path = d198.tsp; sourceTree = "<group>"; };
		3AB159C20CFC4493006E0B90 /* depcomp */ = {isa = PBXFileReference; fileEncoding = 4; lastKnownFileType = text.script.sh; path = depcomp; sourceTree = "<group>"; };
		3AB159C30CFC4493006E0B90 /* install-sh */ = {isa = PBXFileReference; fileEncoding = 4; lastKnownFileType = text.script.sh; path = "install-sh"; sourceTree = "<group>"; };
		3AB159C40CFC4493006E0B90 /* Makefile.am */ = {isa = PBXFileReference; fileEncoding = 4; lastKnownFileType = text; path = Makefile.am; sourceTree = "<group>"; };
		3AB159C50CFC4493006E0B90 /* Makefile.in */ = {isa = PBXFileReference; fileEncoding = 4; lastKnownFileType = text; path = Makefile.in; sourceTree = "<group>"; };
		3AB159C60CFC4493006E0B90 /* missing */ = {isa = PBXFileReference; fileEncoding = 4; lastKnownFileType = text.script.sh; path = missing; sourceTree = "<group>"; };
		3AB159C80CFC4493006E0B90 /* io.c */ = {isa = PBXFileReference; fileEncoding = 4; lastKnownFileType = sourcecode.c.c; path = io.c; sourceTree = "<group>"; };
		3AB159C90CFC4493006E0B90 /* io.h */ = {isa = PBXFileReference; fileEncoding = 4; lastKnownFileType = sourcecode.c.h; path = io.h; sourceTree = "<group>"; };
		3AB159CA0CFC4493006E0B90 /* Makefile.am */ = {isa = PBXFileReference; fileEncoding = 4; lastKnownFileType = text; path = Makefile.am; sourceTree = "<group>"; };
		3AB159CB0CFC4493006E0B90 /* Makefile.in */ = {isa = PBXFileReference; fileEncoding = 4; lastKnownFileType = text; path = Makefile.in; sourceTree = "<group>"; };
		3AB159CC0CFC4493006E0B90 /* renormalization.c */ = {isa = PBXFileReference; fileEncoding = 4; lastKnownFileType = sourcecode.c.c; path = renormalization.c; sourceTree = "<group>"; };
		3AB159CD0CFC4493006E0B90 /* renormalization.h */ = {isa = PBXFileReference; fileEncoding = 4; lastKnownFileType = sourcecode.c.h; path = renormalization.h; sourceTree = "<group>"; };
		3AB159CE0CFC4493006E0B90 /* tsp.c */ = {isa = PBXFileReference; fileEncoding = 4; lastKnownFileType = sourcecode.c.c; path = tsp.c; sourceTree = "<group>"; };
		3AB159CF0CFC4493006E0B90 /* tsp.h */ = {isa = PBXFileReference; fileEncoding = 4; lastKnownFileType = sourcecode.c.h; path = tsp.h; sourceTree = "<group>"; };
		3AB159D00CFC4493006E0B90 /* tsp */ = {isa = PBXFileReference; lastKnownFileType = "compiled.mach-o.executable"; path = tsp; sourceTree = "<group>"; };
/* End PBXFileReference section */

/* Begin PBXGroup section */
		08FB7794FE84155DC02AAC07 /* travellingsalesman */ = {
			isa = PBXGroup;
			children = (
				3AB159B90CFC4493006E0B90 /* aclocal.m4 */,
				3AB159BA0CFC4493006E0B90 /* autom4te.cache */,
				3AB159BE0CFC4493006E0B90 /* config.h.in */,
				3AB159BF0CFC4493006E0B90 /* configure */,
				3AB159C00CFC4493006E0B90 /* configure.ac */,
				3AB159C10CFC4493006E0B90 /* d198.tsp */,
				3AB159C20CFC4493006E0B90 /* depcomp */,
				3AB159C30CFC4493006E0B90 /* install-sh */,
				3AB159C40CFC4493006E0B90 /* Makefile.am */,
				3AB159C50CFC4493006E0B90 /* Makefile.in */,
				3AB159C60CFC4493006E0B90 /* missing */,
				3AB159C70CFC4493006E0B90 /* src */,
				3AB159D00CFC4493006E0B90 /* tsp */,
			);
			name = travellingsalesman;
			sourceTree = "<group>";
		};
		3AB159BA0CFC4493006E0B90 /* autom4te.cache */ = {
			isa = PBXGroup;
			children = (
				3AB159BB0CFC4493006E0B90 /* output.0t */,
				3AB159BC0CFC4493006E0B90 /* requests */,
				3AB159BD0CFC4493006E0B90 /* traces.0t */,
			);
			path = autom4te.cache;
			sourceTree = "<group>";
		};
		3AB159C70CFC4493006E0B90 /* src */ = {
			isa = PBXGroup;
			children = (
				3AB159C80CFC4493006E0B90 /* io.c */,
				3AB159C90CFC4493006E0B90 /* io.h */,
				3AB159CA0CFC4493006E0B90 /* Makefile.am */,
				3AB159CB0CFC4493006E0B90 /* Makefile.in */,
				3AB159CC0CFC4493006E0B90 /* renormalization.c */,
				3AB159CD0CFC4493006E0B90 /* renormalization.h */,
				3AB159CE0CFC4493006E0B90 /* tsp.c */,
				3AB159CF0CFC4493006E0B90 /* tsp.h */,
			);
			path = src;
			sourceTree = "<group>";
		};
/* End PBXGroup section */

/* Begin PBXLegacyTarget section */
		D28A88AD04BDD90700651E21 /* travellingsalesman */ = {
			isa = PBXLegacyTarget;
			buildArgumentsString = "$(ACTION)";
			buildConfigurationList = 1DEB918F08733D9F0010E9CD /* Build configuration list for PBXLegacyTarget "travellingsalesman" */;
			buildPhases = (
			);
			buildToolPath = /usr/bin/make;
			dependencies = (
			);
			name = travellingsalesman;
			passBuildSettingsInEnvironment = 1;
			productName = travellingsalesman;
		};
/* End PBXLegacyTarget section */

/* Begin PBXProject section */
		08FB7793FE84155DC02AAC07 /* Project object */ = {
			isa = PBXProject;
			buildConfigurationList = 1DEB919308733D9F0010E9CD /* Build configuration list for PBXProject "travellingsalesman" */;
			compatibilityVersion = "Xcode 2.4";
			hasScannedForEncodings = 1;
			mainGroup = 08FB7794FE84155DC02AAC07 /* travellingsalesman */;
			projectDirPath = "";
			projectRoot = "";
			targets = (
				D28A88AD04BDD90700651E21 /* travellingsalesman */,
			);
		};
/* End PBXProject section */

/* Begin XCBuildConfiguration section */
		1DEB919008733D9F0010E9CD /* Debug */ = {
			isa = XCBuildConfiguration;
			buildSettings = {
				COPY_PHASE_STRIP = NO;
				DEBUGGING_SYMBOLS = YES;
				GCC_DYNAMIC_NO_PIC = NO;
				GCC_ENABLE_FIX_AND_CONTINUE = YES;
				GCC_GENERATE_DEBUGGING_SYMBOLS = YES;
				GCC_OPTIMIZATION_LEVEL = 0;
				OPTIMIZATION_CFLAGS = "-O0";
				OTHER_CFLAGS = "";
				OTHER_LDFLAGS = "";
				PRODUCT_NAME = travellingsalesman;
				ZERO_LINK = YES;
			};
			name = Debug;
		};
		1DEB919108733D9F0010E9CD /* Release */ = {
			isa = XCBuildConfiguration;
			buildSettings = {
				COPY_PHASE_STRIP = YES;
				GCC_ENABLE_FIX_AND_CONTINUE = NO;
				OTHER_CFLAGS = "";
				OTHER_LDFLAGS = "";
				PRODUCT_NAME = travellingsalesman;
				ZERO_LINK = NO;
			};
			name = Release;
		};
		1DEB919408733D9F0010E9CD /* Debug */ = {
			isa = XCBuildConfiguration;
			buildSettings = {
				GCC_WARN_ABOUT_RETURN_TYPE = YES;
				GCC_WARN_UNUSED_VARIABLE = YES;
				PREBINDING = NO;
				SDKROOT = /Developer/SDKs/MacOSX10.5.sdk;
			};
			name = Debug;
		};
		1DEB919508733D9F0010E9CD /* Release */ = {
			isa = XCBuildConfiguration;
			buildSettings = {
				ARCHS = (
					ppc,
					i386,
				);
				GCC_WARN_ABOUT_RETURN_TYPE = YES;
				GCC_WARN_UNUSED_VARIABLE = YES;
				PREBINDING = NO;
				SDKROOT = /Developer/SDKs/MacOSX10.5.sdk;
			};
			name = Release;
		};
/* End XCBuildConfiguration section */

/* Begin XCConfigurationList section */
		1DEB918F08733D9F0010E9CD /* Build configuration list for PBXLegacyTarget "travellingsalesman" */ = {
			isa = XCConfigurationList;
			buildConfigurations = (
				1DEB919008733D9F0010E9CD /* Debug */,
				1DEB919108733D9F0010E9CD /* Release */,
			);
			defaultConfigurationIsVisible = 0;
			defaultConfigurationName = Release;
		};
		1DEB919308733D9F0010E9CD /* Build configuration list for PBXProject "travellingsalesman" */ = {
			isa = XCConfigurationList;
			buildConfigurations = (
				1DEB919408733D9F0010E9CD /* Debug */,
				1DEB919508733D9F0010E9CD /* Release */,
			);
			defaultConfigurationIsVisible = 0;
			defaultConfigurationName = Release;
		};
/* End XCConfigurationList section */
	};
	rootObject = 08FB7793FE84155DC02AAC07 /* Project object */;
}
